
Microsoft Visual Studio Solution File, Format Version 12.00
Project("{FAE04EC0-301F-11D3-BF4B-00C04F79EFBC}") = "task10", "task10\task10.csproj", "{D3FE2CF9-7455-4B55-9ADD-7A27E18015BD}"
EndProject
Project("{2150E333-8FDC-42A3-9474-1A3956D46DE8}") = "Task 1", "Task 1", "{06C5DBB7-C250-4770-9379-83285C98B59A}"
EndProject
Project("{FAE04EC0-301F-11D3-BF4B-00C04F79EFBC}") = "task1", "task1\task1.csproj", "{2D69A9B5-C394-40F2-AE9C-93E51CB38649}"
EndProject
Project("{2150E333-8FDC-42A3-9474-1A3956D46DE8}") = "Task 10", "Task 10", "{5F145CF9-9EBD-4086-B7A4-A2F4901D06F3}"
EndProject
Project("{2150E333-8FDC-42A3-9474-1A3956D46DE8}") = "Task 11", "Task 11", "{CAFAD0B9-9584-4350-9B8B-623D9DDB139A}"
EndProject
Project("{FAE04EC0-301F-11D3-BF4B-00C04F79EFBC}") = "task11", "task11\task11.csproj", "{7D59D988-E94B-46F9-824B-01E83EEBF477}"
EndProject
Project("{2150E333-8FDC-42A3-9474-1A3956D46DE8}") = "Task 2", "Task 2", "{DE1B4CA2-ED09-43D4-AD2F-EA100CDA3798}"
EndProject
Project("{FAE04EC0-301F-11D3-BF4B-00C04F79EFBC}") = "task2", "task2\task2.csproj", "{50D7DF12-5307-4E16-B498-57F2B8AA2BF1}"
EndProject
Project("{2150E333-8FDC-42A3-9474-1A3956D46DE8}") = "Task 6", "Task 6", "{A606EC76-7031-429B-A6AB-5E76DAAED3F6}"
EndProject
Project("{FAE04EC0-301F-11D3-BF4B-00C04F79EFBC}") = "task6", "task6\task6.csproj", "{8733FC5D-F918-45C9-9B27-1496A940B972}"
EndProject
Global
	GlobalSection(SolutionConfigurationPlatforms) = preSolution
		Debug|Any CPU = Debug|Any CPU
		Release|Any CPU = Release|Any CPU
	EndGlobalSection
	GlobalSection(ProjectConfigurationPlatforms) = postSolution
		{D3FE2CF9-7455-4B55-9ADD-7A27E18015BD}.Debug|Any CPU.ActiveCfg = Debug|Any CPU
		{D3FE2CF9-7455-4B55-9ADD-7A27E18015BD}.Debug|Any CPU.Build.0 = Debug|Any CPU
		{D3FE2CF9-7455-4B55-9ADD-7A27E18015BD}.Release|Any CPU.ActiveCfg = Release|Any CPU
		{D3FE2CF9-7455-4B55-9ADD-7A27E18015BD}.Release|Any CPU.Build.0 = Release|Any CPU
		{2D69A9B5-C394-40F2-AE9C-93E51CB38649}.Debug|Any CPU.ActiveCfg = Debug|Any CPU
		{2D69A9B5-C394-40F2-AE9C-93E51CB38649}.Debug|Any CPU.Build.0 = Debug|Any CPU
		{2D69A9B5-C394-40F2-AE9C-93E51CB38649}.Release|Any CPU.ActiveCfg = Release|Any CPU
		{2D69A9B5-C394-40F2-AE9C-93E51CB38649}.Release|Any CPU.Build.0 = Release|Any CPU
		{7D59D988-E94B-46F9-824B-01E83EEBF477}.Debug|Any CPU.ActiveCfg = Debug|Any CPU
		{7D59D988-E94B-46F9-824B-01E83EEBF477}.Debug|Any CPU.Build.0 = Debug|Any CPU
		{7D59D988-E94B-46F9-824B-01E83EEBF477}.Release|Any CPU.ActiveCfg = Release|Any CPU
		{7D59D988-E94B-46F9-824B-01E83EEBF477}.Release|Any CPU.Build.0 = Release|Any CPU
		{50D7DF12-5307-4E16-B498-57F2B8AA2BF1}.Debug|Any CPU.ActiveCfg = Debug|Any CPU
		{50D7DF12-5307-4E16-B498-57F2B8AA2BF1}.Debug|Any CPU.Build.0 = Debug|Any CPU
		{50D7DF12-5307-4E16-B498-57F2B8AA2BF1}.Release|Any CPU.ActiveCfg = Release|Any CPU
		{50D7DF12-5307-4E16-B498-57F2B8AA2BF1}.Release|Any CPU.Build.0 = Release|Any CPU
		{8733FC5D-F918-45C9-9B27-1496A940B972}.Debug|Any CPU.ActiveCfg = Debug|Any CPU
		{8733FC5D-F918-45C9-9B27-1496A940B972}.Debug|Any CPU.Build.0 = Debug|Any CPU
		{8733FC5D-F918-45C9-9B27-1496A940B972}.Release|Any CPU.ActiveCfg = Release|Any CPU
		{8733FC5D-F918-45C9-9B27-1496A940B972}.Release|Any CPU.Build.0 = Release|Any CPU
	EndGlobalSection
	GlobalSection(NestedProjects) = preSolution
		{2D69A9B5-C394-40F2-AE9C-93E51CB38649} = {06C5DBB7-C250-4770-9379-83285C98B59A}
		{D3FE2CF9-7455-4B55-9ADD-7A27E18015BD} = {5F145CF9-9EBD-4086-B7A4-A2F4901D06F3}
		{7D59D988-E94B-46F9-824B-01E83EEBF477} = {CAFAD0B9-9584-4350-9B8B-623D9DDB139A}
		{50D7DF12-5307-4E16-B498-57F2B8AA2BF1} = {DE1B4CA2-ED09-43D4-AD2F-EA100CDA3798}
		{8733FC5D-F918-45C9-9B27-1496A940B972} = {A606EC76-7031-429B-A6AB-5E76DAAED3F6}
	EndGlobalSection
EndGlobal
